
Microsoft Visual Studio Solution File, Format Version 12.00
# Visual Studio 15
VisualStudioVersion = 15.0.27428.1
MinimumVisualStudioVersion = 10.0.40219.1
Project("{FAE04EC0-301F-11D3-BF4B-00C04F79EFBC}") = "TextFilesDealer", "..\TextFilesDealer\TextFilesDealer\TextFilesDealer.csproj", "{0AFC5D03-A409-4D69-B4BA-7B7A735DB328}"
EndProject
Project("{FAE04EC0-301F-11D3-BF4B-00C04F79EFBC}") = "CutMEPCurvesByMassEdges", "CutMEPCurvesByMassEdges\CutMEPCurvesByMassEdges.csproj", "{63963DE3-0EF0-4D40-BA45-3F4F1A809722}"
	ProjectSection(ProjectDependencies) = postProject
		{0AFC5D03-A409-4D69-B4BA-7B7A735DB328} = {0AFC5D03-A409-4D69-B4BA-7B7A735DB328}
		{57025EB5-24D9-4C72-8DBA-23077A5088A1} = {57025EB5-24D9-4C72-8DBA-23077A5088A1}
	EndProjectSection
EndProject
Project("{FAE04EC0-301F-11D3-BF4B-00C04F79EFBC}") = "RevitPSVUtils", "..\RevitPSVUtils\RevitPSVUtils\RevitPSVUtils.csproj", "{57025EB5-24D9-4C72-8DBA-23077A5088A1}"
EndProject
Project("{FAE04EC0-301F-11D3-BF4B-00C04F79EFBC}") = "GeomShark", "..\GeomShark\GeomShark\GeomShark.csproj", "{0B5BABA6-96EE-4B7D-A6DA-0DCBA5732042}"
EndProject
Project("{54435603-DBB4-11D2-8724-00A0C9A8B90C}") = "SetupMEPUtils", "SetupMEPUtils\SetupMEPUtils.vdproj", "{2E2C872B-4C98-4488-A2A6-4AE12D525842}"
EndProject
Project("{FAE04EC0-301F-11D3-BF4B-00C04F79EFBC}") = "AssignParameterToInstancesInsideBBox", "AssignParameterToInstancesInsideBBox\AssignParameterToInstancesInsideBBox.csproj", "{5F53EE15-AFBE-4278-A1F3-6A47912D910B}"
EndProject
Project("{FAE04EC0-301F-11D3-BF4B-00C04F79EFBC}") = "AssignParamsRibbonUI", "AssignParamsRibbonUI\AssignParamsRibbonUI.csproj", "{BAB520F1-49A5-4BD5-99E5-793E8B36B230}"
	ProjectSection(ProjectDependencies) = postProject
		{57025EB5-24D9-4C72-8DBA-23077A5088A1} = {57025EB5-24D9-4C72-8DBA-23077A5088A1}
	EndProjectSection
EndProject
Project("{FAE04EC0-301F-11D3-BF4B-00C04F79EFBC}") = "AssignPipeRiseParameter", "AssignPipeRiseParameter\AssignPipeRiseParameter.csproj", "{2488CBF9-90F7-4818-9C87-F130920ACE53}"
EndProject
Project("{FAE04EC0-301F-11D3-BF4B-00C04F79EFBC}") = "SetViewSheetSignature", "..\SetViewSheetSignature\SetViewSheetSignature\SetViewSheetSignature.csproj", "{E9C2CB72-94DC-48B5-A041-833DD815B720}"
EndProject
Project("{FAE04EC0-301F-11D3-BF4B-00C04F79EFBC}") = "GeometryPSV", "..\GeometryPSV\GeometryPSV\GeometryPSV.csproj", "{505D8DCA-FB52-4D0D-B7E9-F9326CA040EE}"
EndProject
Global
	GlobalSection(SolutionConfigurationPlatforms) = preSolution
		Debug|Any CPU = Debug|Any CPU
		Release|Any CPU = Release|Any CPU
	EndGlobalSection
	GlobalSection(ProjectConfigurationPlatforms) = postSolution
		{0AFC5D03-A409-4D69-B4BA-7B7A735DB328}.Debug|Any CPU.ActiveCfg = Debug|Any CPU
		{0AFC5D03-A409-4D69-B4BA-7B7A735DB328}.Debug|Any CPU.Build.0 = Debug|Any CPU
		{0AFC5D03-A409-4D69-B4BA-7B7A735DB328}.Release|Any CPU.ActiveCfg = Release|Any CPU
		{0AFC5D03-A409-4D69-B4BA-7B7A735DB328}.Release|Any CPU.Build.0 = Release|Any CPU
		{63963DE3-0EF0-4D40-BA45-3F4F1A809722}.Debug|Any CPU.ActiveCfg = Debug|Any CPU
		{63963DE3-0EF0-4D40-BA45-3F4F1A809722}.Debug|Any CPU.Build.0 = Debug|Any CPU
		{63963DE3-0EF0-4D40-BA45-3F4F1A809722}.Release|Any CPU.ActiveCfg = Release|Any CPU
		{63963DE3-0EF0-4D40-BA45-3F4F1A809722}.Release|Any CPU.Build.0 = Release|Any CPU
		{57025EB5-24D9-4C72-8DBA-23077A5088A1}.Debug|Any CPU.ActiveCfg = Debug|Any CPU
		{57025EB5-24D9-4C72-8DBA-23077A5088A1}.Debug|Any CPU.Build.0 = Debug|Any CPU
		{57025EB5-24D9-4C72-8DBA-23077A5088A1}.Release|Any CPU.ActiveCfg = Release|Any CPU
		{57025EB5-24D9-4C72-8DBA-23077A5088A1}.Release|Any CPU.Build.0 = Release|Any CPU
		{0B5BABA6-96EE-4B7D-A6DA-0DCBA5732042}.Debug|Any CPU.ActiveCfg = Debug|Any CPU
		{0B5BABA6-96EE-4B7D-A6DA-0DCBA5732042}.Debug|Any CPU.Build.0 = Debug|Any CPU
		{0B5BABA6-96EE-4B7D-A6DA-0DCBA5732042}.Release|Any CPU.ActiveCfg = Release|Any CPU
		{0B5BABA6-96EE-4B7D-A6DA-0DCBA5732042}.Release|Any CPU.Build.0 = Release|Any CPU
		{2E2C872B-4C98-4488-A2A6-4AE12D525842}.Debug|Any CPU.ActiveCfg = Debug
		{2E2C872B-4C98-4488-A2A6-4AE12D525842}.Release|Any CPU.ActiveCfg = Release
		{5F53EE15-AFBE-4278-A1F3-6A47912D910B}.Debug|Any CPU.ActiveCfg = Debug|Any CPU
		{5F53EE15-AFBE-4278-A1F3-6A47912D910B}.Debug|Any CPU.Build.0 = Debug|Any CPU
		{5F53EE15-AFBE-4278-A1F3-6A47912D910B}.Release|Any CPU.ActiveCfg = Release|Any CPU
		{5F53EE15-AFBE-4278-A1F3-6A47912D910B}.Release|Any CPU.Build.0 = Release|Any CPU
		{BAB520F1-49A5-4BD5-99E5-793E8B36B230}.Debug|Any CPU.ActiveCfg = Debug|Any CPU
		{BAB520F1-49A5-4BD5-99E5-793E8B36B230}.Debug|Any CPU.Build.0 = Debug|Any CPU
		{BAB520F1-49A5-4BD5-99E5-793E8B36B230}.Release|Any CPU.ActiveCfg = Release|Any CPU
		{BAB520F1-49A5-4BD5-99E5-793E8B36B230}.Release|Any CPU.Build.0 = Release|Any CPU
		{2488CBF9-90F7-4818-9C87-F130920ACE53}.Debug|Any CPU.ActiveCfg = Debug|Any CPU
		{2488CBF9-90F7-4818-9C87-F130920ACE53}.Debug|Any CPU.Build.0 = Debug|Any CPU
		{2488CBF9-90F7-4818-9C87-F130920ACE53}.Release|Any CPU.ActiveCfg = Release|Any CPU
		{2488CBF9-90F7-4818-9C87-F130920ACE53}.Release|Any CPU.Build.0 = Release|Any CPU
		{E9C2CB72-94DC-48B5-A041-833DD815B720}.Debug|Any CPU.ActiveCfg = Debug|Any CPU
		{E9C2CB72-94DC-48B5-A041-833DD815B720}.Debug|Any CPU.Build.0 = Debug|Any CPU
		{E9C2CB72-94DC-48B5-A041-833DD815B720}.Release|Any CPU.ActiveCfg = Release|Any CPU
		{E9C2CB72-94DC-48B5-A041-833DD815B720}.Release|Any CPU.Build.0 = Release|Any CPU
		{505D8DCA-FB52-4D0D-B7E9-F9326CA040EE}.Debug|Any CPU.ActiveCfg = Debug|Any CPU
		{505D8DCA-FB52-4D0D-B7E9-F9326CA040EE}.Debug|Any CPU.Build.0 = Debug|Any CPU
		{505D8DCA-FB52-4D0D-B7E9-F9326CA040EE}.Release|Any CPU.ActiveCfg = Release|Any CPU
		{505D8DCA-FB52-4D0D-B7E9-F9326CA040EE}.Release|Any CPU.Build.0 = Release|Any CPU
	EndGlobalSection
	GlobalSection(SolutionProperties) = preSolution
		HideSolutionNode = FALSE
	EndGlobalSection
	GlobalSection(ExtensibilityGlobals) = postSolution
		SolutionGuid = {FA52E60A-04FF-4D2C-A069-5C12EA869382}
	EndGlobalSection
EndGlobal
